// !$*UTF8*$!
{
	archiveVersion = 1;
	classes = {
	};
	objectVersion = 56;
	objects = {

/* Begin PBXBuildFile section */
		E01A23D42C8B1A5B00123456 /* StyleSyncApp.swift in Sources */ = {isa = PBXBuildFile; fileRef = E01A23D32C8B1A5B00123456 /* StyleSyncApp.swift */; };
		E01A23D62C8B1A5B00123456 /* ContentView.swift in Sources */ = {isa = PBXBuildFile; fileRef = E01A23D52C8B1A5B00123456 /* ContentView.swift */; };
		E01A23D82C8B1A5C00123456 /* Assets.xcassets in Resources */ = {isa = PBXBuildFile; fileRef = E01A23D72C8B1A5C00123456 /* Assets.xcassets */; };
		E01A23DB2C8B1A5C00123456 /* Preview Assets.xcassets in Resources */ = {isa = PBXBuildFile; fileRef = E01A23DA2C8B1A5C00123456 /* Preview Assets.xcassets */; };
		E01A23E32C8B1B1200123456 /* DesignSystem.swift in Sources */ = {isa = PBXBuildFile; fileRef = E01A23E22C8B1B1200123456 /* DesignSystem.swift */; };
		E01A23E52C8B1B2300123456 /* HapticManager.swift in Sources */ = {isa = PBXBuildFile; fileRef = E01A23E42C8B1B2300123456 /* HapticManager.swift */; };
		E01A23E72C8B1B3400123456 /* SoundManager.swift in Sources */ = {isa = PBXBuildFile; fileRef = E01A23E62C8B1B3400123456 /* SoundManager.swift */; };
		E01A23E92C8B1B4500123456 /* AppDataModel.swift in Sources */ = {isa = PBXBuildFile; fileRef = E01A23E82C8B1B4500123456 /* AppDataModel.swift */; };
/* End PBXBuildFile section */

/* Begin PBXFileReference section */
		E01A23D02C8B1A5B00123456 /* StyleSync.app */ = {isa = PBXFileReference; explicitFileType = wrapper.application; includeInIndex = 0; path = StyleSync.app; sourceTree = BUILT_PRODUCTS_DIR; };
		E01A23D32C8B1A5B00123456 /* StyleSyncApp.swift */ = {isa = PBXFileReference; lastKnownFileType = sourcecode.swift; path = StyleSyncApp.swift; sourceTree = "<group>"; };
		E01A23D52C8B1A5B00123456 /* ContentView.swift */ = {isa = PBXFileReference; lastKnownFileType = sourcecode.swift; path = ContentView.swift; sourceTree = "<group>"; };
		E01A23D72C8B1A5C00123456 /* Assets.xcassets */ = {isa = PBXFileReference; lastKnownFileType = folder.assetcatalog; path = Assets.xcassets; sourceTree = "<group>"; };
		E01A23DA2C8B1A5C00123456 /* Preview Assets.xcassets */ = {isa = PBXFileReference; lastKnownFileType = folder.assetcatalog; path = "Preview Assets.xcassets"; sourceTree = "<group>"; };
		E01A23E22C8B1B1200123456 /* DesignSystem.swift */ = {isa = PBXFileReference; lastKnownFileType = sourcecode.swift; path = DesignSystem.swift; sourceTree = "<group>"; };
		E01A23E42C8B1B2300123456 /* HapticManager.swift */ = {isa = PBXFileReference; lastKnownFileType = sourcecode.swift; path = HapticManager.swift; sourceTree = "<group>"; };
		E01A23E62C8B1B3400123456 /* SoundManager.swift */ = {isa = PBXFileReference; lastKnownFileType = sourcecode.swift; path = SoundManager.swift; sourceTree = "<group>"; };
		E01A23E82C8B1B4500123456 /* AppDataModel.swift */ = {isa = PBXFileReference; lastKnownFileType = sourcecode.swift; path = AppDataModel.swift; sourceTree = "<group>"; };
/* End PBXFileReference section */

/* Begin PBXFrameworksBuildPhase section */
		E01A23CD2C8B1A5B00123456 /* Frameworks */ = {
			isa = PBXFrameworksBuildPhase;
			buildActionMask = 2147483647;
			files = (
			);
			runOnlyForDeploymentPostprocessing = 0;
		};
/* End PBXFrameworksBuildPhase section */

/* Begin PBXGroup section */
		E01A23C72C8B1A5B00123456 = {
			isa = PBXGroup;
			children = (
				E01A23D22C8B1A5B00123456 /* StyleSync */,
				E01A23D12C8B1A5B00123456 /* Products */,
			);
			sourceTree = "<group>";
		};
		E01A23D12C8B1A5B00123456 /* Products */ = {
			isa = PBXGroup;
			children = (
				E01A23D02C8B1A5B00123456 /* StyleSync.app */,
			);
			name = Products;
			sourceTree = "<group>";
		};
		E01A23D22C8B1A5B00123456 /* StyleSync */ = {
			isa = PBXGroup;
			children = (
				E01A23E12C8B1AF900123456 /* DesignSystem */,
				E01A23EC2C8B1B5600123456 /* Features */,
				E01A23ED2C8B1B6100123456 /* Services */,
				E01A23EE2C8B1B6C00123456 /* Models */,
				E01A23EF2C8B1B7700123456 /* Components */,
				E01A23D32C8B1A5B00123456 /* StyleSyncApp.swift */,
				E01A23D52C8B1A5B00123456 /* ContentView.swift */,
				E01A23D72C8B1A5C00123456 /* Assets.xcassets */,
				E01A23D92C8B1A5C00123456 /* Preview Content */,
			);
			path = StyleSync;
			sourceTree = "<group>";
		};
		E01A23D92C8B1A5C00123456 /* Preview Content */ = {
			isa = PBXGroup;
			children = (
				E01A23DA2C8B1A5C00123456 /* Preview Assets.xcassets */,
			);
			path = "Preview Content";
			sourceTree = "<group>";
		};
		E01A23E12C8B1AF900123456 /* DesignSystem */ = {
			isa = PBXGroup;
			children = (
				E01A23E22C8B1B1200123456 /* DesignSystem.swift */,
			);
			path = DesignSystem;
			sourceTree = "<group>";
		};
		E01A23EC2C8B1B5600123456 /* Features */ = {
			isa = PBXGroup;
			children = (
			);
			path = Features;
			sourceTree = "<group>";
		};
		E01A23ED2C8B1B6100123456 /* Services */ = {
			isa = PBXGroup;
			children = (
				E01A23E42C8B1B2300123456 /* HapticManager.swift */,
				E01A23E62C8B1B3400123456 /* SoundManager.swift */,
			);
			path = Services;
			sourceTree = "<group>";
		};
		E01A23EE2C8B1B6C00123456 /* Models */ = {
			isa = PBXGroup;
			children = (
				E01A23E82C8B1B4500123456 /* AppDataModel.swift */,
			);
			path = Models;
			sourceTree = "<group>";
		};
		E01A23EF2C8B1B7700123456 /* Components */ = {
			isa = PBXGroup;
			children = (
			);
			path = Components;
			sourceTree = "<group>";
		};
/* End PBXGroup section */

/* Begin PBXNativeTarget section */
		E01A23CF2C8B1A5B00123456 /* StyleSync */ = {
			isa = PBXNativeTarget;
			buildConfigurationList = E01A23DE2C8B1A5C00123456 /* Build configuration list for PBXNativeTarget "StyleSync" */;
			buildPhases = (
				E01A23CC2C8B1A5B00123456 /* Sources */,
				E01A23CD2C8B1A5B00123456 /* Frameworks */,
				E01A23CE2C8B1A5B00123456 /* Resources */,
			);
			buildRules = (
			);
			dependencies = (
			);
			name = StyleSync;
			productName = StyleSync;
			productReference = E01A23D02C8B1A5B00123456 /* StyleSync.app */;
			productType = "com.apple.product-type.application";
		};
/* End PBXNativeTarget section */

/* Begin PBXProject section */
		E01A23C82C8B1A5B00123456 /* Project object */ = {
			isa = PBXProject;
			attributes = {
				BuildIndependentTargetsInParallel = 1;
				LastSwiftUpdateCheck = 1540;
				LastUpgradeCheck = 1540;
				TargetAttributes = {
					E01A23CF2C8B1A5B00123456 = {
						CreatedOnToolsVersion = 15.4;
					};
				};
			};
			buildConfigurationList = E01A23CB2C8B1A5B00123456 /* Build configuration list for PBXProject "StyleSync" */;
			compatibilityVersion = "Xcode 14.0";
			developmentRegion = en;
			hasScannedForEncodings = 0;
			knownRegions = (
				en,
				Base,
			);
			mainGroup = E01A23C72C8B1A5B00123456;
			productRefGroup = E01A23D12C8B1A5B00123456 /* Products */;
			projectDirPath = "";
			projectRoot = "";
			targets = (
				E01A23CF2C8B1A5B00123456 /* StyleSync */,
			);
		};
/* End PBXProject section */

/* Begin PBXResourcesBuildPhase section */
		E01A23CE2C8B1A5B00123456 /* Resources */ = {
			isa = PBXResourcesBuildPhase;
			buildActionMask = 2147483647;
			files = (
				E01A23DB2C8B1A5C00123456 /* Preview Assets.xcassets in Resources */,
				E01A23D82C8B1A5C00123456 /* Assets.xcassets in Resources */,
			);
			runOnlyForDeploymentPostprocessing = 0;
		};
/* End PBXResourcesBuildPhase section */

/* Begin PBXSourcesBuildPhase section */
		E01A23CC2C8B1A5B00123456 /* Sources */ = {
			isa = PBXSourcesBuildPhase;
			buildActionMask = 2147483647;
			files = (
				E01A23D62C8B1A5B00123456 /* ContentView.swift in Sources */,
				E01A23E52C8B1B2300123456 /* HapticManager.swift in Sources */,
				E01A23E92C8B1B4500123456 /* AppDataModel.swift in Sources */,
				E01A23D42C8B1A5B00123456 /* StyleSyncApp.swift in Sources */,
				E01A23E32C8B1B1200123456 /* DesignSystem.swift in Sources */,
				E01A23E72C8B1B3400123456 /* SoundManager.swift in Sources */,
			);
			runOnlyForDeploymentPostprocessing = 0;
		};
/* End PBXSourcesBuildPhase section */

/* Begin XCBuildConfiguration section */
		E01A23DC2C8B1A5C00123456 /* Debug */ = {
			isa = XCBuildConfiguration;
			buildSettings = {
				ALWAYS_SEARCH_USER_PATHS = NO;
				ASSETCATALOG_COMPILER_GENERATE_SWIFT_ASSET_SYMBOL_EXTENSIONS = YES;
				CLANG_ANALYZER_NONNULL = YES;
				CLANG_ANALYZER_NUMBER_OBJECT_CONVERSION = YES_AGGRESSIVE;
				CLANG_CXX_LANGUAGE_STANDARD = "gnu++20";
				CLANG_ENABLE_MODULES = YES;
				CLANG_ENABLE_OBJC_ARC = YES;
				CLANG_ENABLE_OBJC_WEAK = YES;
				CLANG_WARN_BLOCK_CAPTURE_AUTORELEASING = YES;
				CLANG_WARN_BOOL_CONVERSION = YES;
				CLANG_WARN_COMMA = YES;
				CLANG_WARN_CONSTANT_CONVERSION = YES;
				CLANG_WARN_DEPRECATED_OBJC_IMPLEMENTATIONS = YES;
				CLANG_WARN_DIRECT_OBJC_ISA_USAGE = YES_ERROR;
				CLANG_WARN_DOCUMENTATION_COMMENTS = YES;
				CLANG_WARN_EMPTY_BODY = YES;
				CLANG_WARN_ENUM_CONVERSION = YES;
				CLANG_WARN_INFINITE_RECURSION = YES;
				CLANG_WARN_INT_CONVERSION = YES;
				CLANG_WARN_NON_LITERAL_NULL_CONVERSION = YES;
				CLANG_WARN_OBJC_IMPLICIT_RETAIN_SELF = YES;
				CLANG_WARN_OBJC_LITERAL_CONVERSION = YES;
				CLANG_WARN_OBJC_ROOT_CLASS = YES_ERROR;
				CLANG_WARN_QUOTED_INCLUDE_IN_FRAMEWORK_HEADER = YES;
				CLANG_WARN_RANGE_LOOP_ANALYSIS = YES;
				CLANG_WARN_STRICT_PROTOTYPES = YES;
				CLANG_WARN_SUSPICIOUS_MOVE = YES;
				CLANG_WARN_UNGUARDED_AVAILABILITY = YES_AGGRESSIVE;
				CLANG_WARN_UNREACHABLE_CODE = YES;
				CLANG_WARN__DUPLICATE_METHOD_MATCH = YES;
				COPY_PHASE_STRIP = NO;
				DEBUG_INFORMATION_FORMAT = dwarf;
				ENABLE_STRICT_OBJC_MSGSEND = YES;
				ENABLE_TESTABILITY = YES;
				ENABLE_USER_SCRIPT_SANDBOXING = YES;
				GCC_C_LANGUAGE_STANDARD = gnu17;
				GCC_DYNAMIC_NO_PIC = NO;
				GCC_NO_COMMON_BLOCKS = YES;
				GCC_OPTIMIZATION_LEVEL = 0;
				GCC_PREPROCESSOR_DEFINITIONS = (
					"DEBUG=1",
					"$(inherited)",
				);
				GCC_WARN_64_TO_32_BIT_CONVERSION = YES;
				GCC_WARN_ABOUT_RETURN_TYPE = YES_ERROR;
				GCC_WARN_UNDECLARED_SELECTOR = YES;
				GCC_WARN_UNINITIALIZED_AUTOS = YES_AGGRESSIVE;
				GCC_WARN_UNUSED_FUNCTION = YES;
				GCC_WARN_UNUSED_VARIABLE = YES;
				IPHONEOS_DEPLOYMENT_TARGET = 17.0;
				LOCALIZATION_PREFERS_STRING_CATALOGS = YES;
				MTL_ENABLE_DEBUG_INFO = INCLUDE_SOURCE;
				MTL_FAST_MATH = YES;
				ONLY_ACTIVE_ARCH = YES;
				SDKROOT = iphoneos;
				SWIFT_ACTIVE_COMPILATION_CONDITIONS = "DEBUG $(inherited)";
				SWIFT_OPTIMIZATION_LEVEL = "-Onone";
			};
			name = Debug;
		};
		E01A23DD2C8B1A5C00123456 /* Release */ = {
			isa = XCBuildConfiguration;
			buildSettings = {
				ALWAYS_SEARCH_USER_PATHS = NO;
				ASSETCATALOG_COMPILER_GENERATE_SWIFT_ASSET_SYMBOL_EXTENSIONS = YES;
				CLANG_ANALYZER_NONNULL = YES;
				CLANG_ANALYZER_NUMBER_OBJECT_CONVERSION = YES_AGGRESSIVE;
				CLANG_CXX_LANGUAGE_STANDARD = "gnu++20";
				CLANG_ENABLE_MODULES = YES;
				CLANG_ENABLE_OBJC_ARC = YES;
				CLANG_ENABLE_OBJC_WEAK = YES;
				CLANG_WARN_BLOCK_CAPTURE_AUTORELEASING = YES;
				CLANG_WARN_BOOL_CONVERSION = YES;
				CLANG_WARN_COMMA = YES;
				CLANG_WARN_CONSTANT_CONVERSION = YES;
				CLANG_WARN_DEPRECATED_OBJC_IMPLEMENTATIONS = YES;
				CLANG_WARN_DIRECT_OBJC_ISA_USAGE = YES_ERROR;
				CLANG_WARN_DOCUMENTATION_COMMENTS = YES;
				CLANG_WARN_EMPTY_BODY = YES;
				CLANG_WARN_ENUM_CONVERSION = YES;
				CLANG_WARN_INFINITE_RECURSION = YES;
				CLANG_WARN_INT_CONVERSION = YES;
				CLANG_WARN_NON_LITERAL_NULL_CONVERSION = YES;
				CLANG_WARN_OBJC_IMPLICIT_RETAIN_SELF = YES;
				CLANG_WARN_OBJC_LITERAL_CONVERSION = YES;
				CLANG_WARN_OBJC_ROOT_CLASS = YES_ERROR;
				CLANG_WARN_QUOTED_INCLUDE_IN_FRAMEWORK_HEADER = YES;
				CLANG_WARN_RANGE_LOOP_ANALYSIS = YES;
				CLANG_WARN_STRICT_PROTOTYPES = YES;
				CLANG_WARN_SUSPICIOUS_MOVE = YES;
				CLANG_WARN_UNGUARDED_AVAILABILITY = YES_AGGRESSIVE;
				CLANG_WARN_UNREACHABLE_CODE = YES;
				CLANG_WARN__DUPLICATE_METHOD_MATCH = YES;
				COPY_PHASE_STRIP = NO;
				DEBUG_INFORMATION_FORMAT = "dwarf-with-dsym";
				ENABLE_NS_ASSERTIONS = NO;
				ENABLE_STRICT_OBJC_MSGSEND = YES;
				ENABLE_USER_SCRIPT_SANDBOXING = YES;
				GCC_C_LANGUAGE_STANDARD = gnu17;
				GCC_NO_COMMON_BLOCKS = YES;
				GCC_WARN_64_TO_32_BIT_CONVERSION = YES;
				GCC_WARN_ABOUT_RETURN_TYPE = YES_ERROR;
				GCC_WARN_UNDECLARED_SELECTOR = YES;
				GCC_WARN_UNINITIALIZED_AUTOS = YES_AGGRESSIVE;
				GCC_WARN_UNUSED_FUNCTION = YES;
				GCC_WARN_UNUSED_VARIABLE = YES;
				IPHONEOS_DEPLOYMENT_TARGET = 17.0;
				LOCALIZATION_PREFERS_STRING_CATALOGS = YES;
				MTL_ENABLE_DEBUG_INFO = NO;
				MTL_FAST_MATH = YES;
				SDKROOT = iphoneos;
				SWIFT_COMPILATION_MODE = wholemodule;
				VALIDATE_PRODUCT = YES;
			};
			name = Release;
		};
		E01A23DF2C8B1A5C00123456 /* Debug */ = {
			isa = XCBuildConfiguration;
			buildSettings = {
				ASSETCATALOG_COMPILER_APPICON_NAME = AppIcon;
				ASSETCATALOG_COMPILER_GLOBAL_ACCENT_COLOR_NAME = AccentColor;
				CODE_SIGN_STYLE = Automatic;
				CURRENT_PROJECT_VERSION = 1;
				DEVELOPMENT_ASSET_PATHS = "\"StyleSync/Preview Content\"";
				ENABLE_PREVIEWS = YES;
				GENERATE_INFOPLIST_FILE = YES;
				INFOPLIST_KEY_CFBundleDisplayName = StyleSync;
				INFOPLIST_KEY_LSApplicationCategoryType = "public.app-category.lifestyle";
				INFOPLIST_KEY_UIApplicationSceneManifest_Generation = YES;
				INFOPLIST_KEY_UIApplicationSupportsIndirectInputEvents = YES;
				INFOPLIST_KEY_UILaunchScreen_Generation = YES;
				INFOPLIST_KEY_UISupportedInterfaceOrientations = UIInterfaceOrientationPortrait;
				INFOPLIST_KEY_UISupportedInterfaceOrientations_iPad = "UIInterfaceOrientationLandscapeLeft UIInterfaceOrientationLandscapeRight UIInterfaceOrientationPortrait UIInterfaceOrientationPortraitUpsideDown";
				IPHONEOS_DEPLOYMENT_TARGET = 17.0;
				LD_RUNPATH_SEARCH_PATHS = (
					"$(inherited)",
					"@executable_path/Frameworks",
				);
				MARKETING_VERSION = 1.0;
				PRODUCT_BUNDLE_IDENTIFIER = com.stylesync.app;
				PRODUCT_NAME = "$(TARGET_NAME)";
				SUPPORTED_PLATFORMS = "iphoneos iphonesimulator";
				SUPPORTS_MACCATALYST = NO;
				SUPPORTS_MAC_DESIGNED_FOR_IPHONE_IPAD = NO;
				SWIFT_EMIT_LOC_STRINGS = YES;
				SWIFT_VERSION = 5.0;
				TARGETED_DEVICE_FAMILY = "1,2";
			};
			name = Debug;
		};
		E01A23E02C8B1A5C00123456 /* Release */ = {
			isa = XCBuildConfiguration;
			buildSettings = {
				ASSETCATALOG_COMPILER_APPICON_NAME = AppIcon;
				ASSETCATALOG_COMPILER_GLOBAL_ACCENT_COLOR_NAME = AccentColor;
				CODE_SIGN_STYLE = Automatic;
				CURRENT_PROJECT_VERSION = 1;
				DEVELOPMENT_ASSET_PATHS = "\"StyleSync/Preview Content\"";
				ENABLE_PREVIEWS = YES;
				GENERATE_INFOPLIST_FILE = YES;
				INFOPLIST_KEY_CFBundleDisplayName = StyleSync;
				INFOPLIST_KEY_LSApplicationCategoryType = "public.app-category.lifestyle";
				INFOPLIST_KEY_UIApplicationSceneManifest_Generation = YES;
				INFOPLIST_KEY_UIApplicationSupportsIndirectInputEvents = YES;
				INFOPLIST_KEY_UILaunchScreen_Generation = YES;
				INFOPLIST_KEY_UISupportedInterfaceOrientations = UIInterfaceOrientationPortrait;
				INFOPLIST_KEY_UISupportedInterfaceOrientations_iPad = "UIInterfaceOrientationLandscapeLeft UIInterfaceOrientationLandscapeRight UIInterfaceOrientationPortrait UIInterfaceOrientationPortraitUpsideDown";
				IPHONEOS_DEPLOYMENT_TARGET = 17.0;
				LD_RUNPATH_SEARCH_PATHS = (
					"$(inherited)",
					"@executable_path/Frameworks",
				);
				MARKETING_VERSION = 1.0;
				PRODUCT_BUNDLE_IDENTIFIER = com.stylesync.app;
				PRODUCT_NAME = "$(TARGET_NAME)";
				SUPPORTED_PLATFORMS = "iphoneos iphonesimulator";
				SUPPORTS_MACCATALYST = NO;
				SUPPORTS_MAC_DESIGNED_FOR_IPHONE_IPAD = NO;
				SWIFT_EMIT_LOC_STRINGS = YES;
				SWIFT_VERSION = 5.0;
				TARGETED_DEVICE_FAMILY = "1,2";
			};
			name = Release;
		};
/* End XCBuildConfiguration section */

/* Begin XCConfigurationList section */
		E01A23CB2C8B1A5B00123456 /* Build configuration list for PBXProject "StyleSync" */ = {
			isa = XCConfigurationList;
			buildConfigurations = (
				E01A23DC2C8B1A5C00123456 /* Debug */,
				E01A23DD2C8B1A5C00123456 /* Release */,
			);
			defaultConfigurationIsVisible = 0;
			defaultConfigurationName = Release;
		};
		E01A23DE2C8B1A5C00123456 /* Build configuration list for PBXNativeTarget "StyleSync" */ = {
			isa = XCConfigurationList;
			buildConfigurations = (
				E01A23DF2C8B1A5C00123456 /* Debug */,
				E01A23E02C8B1A5C00123456 /* Release */,
			);
			defaultConfigurationIsVisible = 0;
			defaultConfigurationName = Release;
		};
/* End XCConfigurationList section */
	};
	rootObject = E01A23C82C8B1A5B00123456 /* Project object */;
}